
Microsoft Visual Studio Solution File, Format Version 11.00
# Visual Studio 2010
Project("{8BC9CEB8-8B4A-11D0-8D11-00A0C91BC942}") = "Hello", "Hello\Hello.vcxproj", "{66DBE819-3B0E-405D-9639-85E22FFF01DB}"
EndProject
Project("{8BC9CEB8-8B4A-11D0-8D11-00A0C91BC942}") = "EchoCint", "EchoCint\EchoCint.vcxproj", "{85A3C1C9-D877-44BE-A3B2-96AABB82333B}"
EndProject
Project("{8BC9CEB8-8B4A-11D0-8D11-00A0C91BC942}") = "EchoSrv", "EchoSrv\EchoSrv.vcxproj", "{3F8024CB-492A-46A2-9C42-6CF6DFE7A8DC}"
EndProject
Project("{8BC9CEB8-8B4A-11D0-8D11-00A0C91BC942}") = "DaytimeCint", "DaytimeCint\DaytimeCint.vcxproj", "{403D2D4B-072B-4E45-87E9-D82C65EA54C4}"
EndProject
Project("{8BC9CEB8-8B4A-11D0-8D11-00A0C91BC942}") = "DaytimeSrv", "DaytimeSrv\DaytimeSrv.vcxproj", "{DC0D14C4-45A9-4673-AC23-81406E2D7F26}"
EndProject
Project("{8BC9CEB8-8B4A-11D0-8D11-00A0C91BC942}") = "SocBind", "SocBind\SocBind.vcxproj", "{3A672C45-FC50-45F3-A75F-684324DB1E9D}"
EndProject
Project("{8BC9CEB8-8B4A-11D0-8D11-00A0C91BC942}") = "HostEndian", "HostEndian\HostEndian.vcxproj", "{6E116FCE-797B-4C35-BC96-2EA85FECA2EE}"
EndProject
Project("{8BC9CEB8-8B4A-11D0-8D11-00A0C91BC942}") = "NetConvt", "NetConvt\NetConvt.vcxproj", "{BBAA51DB-CB78-4094-B2C7-7F34A3722685}"
EndProject
Project("{8BC9CEB8-8B4A-11D0-8D11-00A0C91BC942}") = "Lookup", "Lookup\Lookup.vcxproj", "{0B4EE877-28C6-430A-8B4B-C982CCA43BD4}"
EndProject
Project("{8BC9CEB8-8B4A-11D0-8D11-00A0C91BC942}") = "WebSrv", "WebSrv\WebSrv.vcxproj", "{B3959C9D-3226-4794-8F68-E591797526F3}"
EndProject
Global
	GlobalSection(SolutionConfigurationPlatforms) = preSolution
		Debug|Win32 = Debug|Win32
		Release|Win32 = Release|Win32
	EndGlobalSection
	GlobalSection(ProjectConfigurationPlatforms) = postSolution
		{66DBE819-3B0E-405D-9639-85E22FFF01DB}.Debug|Win32.ActiveCfg = Debug|Win32
		{66DBE819-3B0E-405D-9639-85E22FFF01DB}.Debug|Win32.Build.0 = Debug|Win32
		{66DBE819-3B0E-405D-9639-85E22FFF01DB}.Release|Win32.ActiveCfg = Release|Win32
		{66DBE819-3B0E-405D-9639-85E22FFF01DB}.Release|Win32.Build.0 = Release|Win32
		{85A3C1C9-D877-44BE-A3B2-96AABB82333B}.Debug|Win32.ActiveCfg = Debug|Win32
		{85A3C1C9-D877-44BE-A3B2-96AABB82333B}.Debug|Win32.Build.0 = Debug|Win32
		{85A3C1C9-D877-44BE-A3B2-96AABB82333B}.Release|Win32.ActiveCfg = Release|Win32
		{85A3C1C9-D877-44BE-A3B2-96AABB82333B}.Release|Win32.Build.0 = Release|Win32
		{3F8024CB-492A-46A2-9C42-6CF6DFE7A8DC}.Debug|Win32.ActiveCfg = Debug|Win32
		{3F8024CB-492A-46A2-9C42-6CF6DFE7A8DC}.Debug|Win32.Build.0 = Debug|Win32
		{3F8024CB-492A-46A2-9C42-6CF6DFE7A8DC}.Release|Win32.ActiveCfg = Release|Win32
		{3F8024CB-492A-46A2-9C42-6CF6DFE7A8DC}.Release|Win32.Build.0 = Release|Win32
		{403D2D4B-072B-4E45-87E9-D82C65EA54C4}.Debug|Win32.ActiveCfg = Debug|Win32
		{403D2D4B-072B-4E45-87E9-D82C65EA54C4}.Debug|Win32.Build.0 = Debug|Win32
		{403D2D4B-072B-4E45-87E9-D82C65EA54C4}.Release|Win32.ActiveCfg = Release|Win32
		{403D2D4B-072B-4E45-87E9-D82C65EA54C4}.Release|Win32.Build.0 = Release|Win32
		{DC0D14C4-45A9-4673-AC23-81406E2D7F26}.Debug|Win32.ActiveCfg = Debug|Win32
		{DC0D14C4-45A9-4673-AC23-81406E2D7F26}.Debug|Win32.Build.0 = Debug|Win32
		{DC0D14C4-45A9-4673-AC23-81406E2D7F26}.Release|Win32.ActiveCfg = Release|Win32
		{DC0D14C4-45A9-4673-AC23-81406E2D7F26}.Release|Win32.Build.0 = Release|Win32
		{3A672C45-FC50-45F3-A75F-684324DB1E9D}.Debug|Win32.ActiveCfg = Debug|Win32
		{3A672C45-FC50-45F3-A75F-684324DB1E9D}.Debug|Win32.Build.0 = Debug|Win32
		{3A672C45-FC50-45F3-A75F-684324DB1E9D}.Release|Win32.ActiveCfg = Release|Win32
		{3A672C45-FC50-45F3-A75F-684324DB1E9D}.Release|Win32.Build.0 = Release|Win32
		{6E116FCE-797B-4C35-BC96-2EA85FECA2EE}.Debug|Win32.ActiveCfg = Debug|Win32
		{6E116FCE-797B-4C35-BC96-2EA85FECA2EE}.Debug|Win32.Build.0 = Debug|Win32
		{6E116FCE-797B-4C35-BC96-2EA85FECA2EE}.Release|Win32.ActiveCfg = Release|Win32
		{6E116FCE-797B-4C35-BC96-2EA85FECA2EE}.Release|Win32.Build.0 = Release|Win32
		{BBAA51DB-CB78-4094-B2C7-7F34A3722685}.Debug|Win32.ActiveCfg = Debug|Win32
		{BBAA51DB-CB78-4094-B2C7-7F34A3722685}.Debug|Win32.Build.0 = Debug|Win32
		{BBAA51DB-CB78-4094-B2C7-7F34A3722685}.Release|Win32.ActiveCfg = Release|Win32
		{BBAA51DB-CB78-4094-B2C7-7F34A3722685}.Release|Win32.Build.0 = Release|Win32
		{0B4EE877-28C6-430A-8B4B-C982CCA43BD4}.Debug|Win32.ActiveCfg = Debug|Win32
		{0B4EE877-28C6-430A-8B4B-C982CCA43BD4}.Debug|Win32.Build.0 = Debug|Win32
		{0B4EE877-28C6-430A-8B4B-C982CCA43BD4}.Release|Win32.ActiveCfg = Release|Win32
		{0B4EE877-28C6-430A-8B4B-C982CCA43BD4}.Release|Win32.Build.0 = Release|Win32
		{B3959C9D-3226-4794-8F68-E591797526F3}.Debug|Win32.ActiveCfg = Debug|Win32
		{B3959C9D-3226-4794-8F68-E591797526F3}.Debug|Win32.Build.0 = Debug|Win32
		{B3959C9D-3226-4794-8F68-E591797526F3}.Release|Win32.ActiveCfg = Release|Win32
		{B3959C9D-3226-4794-8F68-E591797526F3}.Release|Win32.Build.0 = Release|Win32
	EndGlobalSection
	GlobalSection(SolutionProperties) = preSolution
		HideSolutionNode = FALSE
	EndGlobalSection
EndGlobal
